
Microsoft Visual Studio Solution File, Format Version 12.00
# Visual Studio Version 16
VisualStudioVersion = 16.0.30128.74
MinimumVisualStudioVersion = 10.0.40219.1
Project("{059D6162-CD51-11D0-AE1F-00A0C90FFFC3}") = "c_lexer_test", "c_lexer_test.dsp", "{7B4A73FE-B757-41A1-AC74-CD554B0AF672}"
EndProject
Project("{059D6162-CD51-11D0-AE1F-00A0C90FFFC3}") = "herringbone", "herringbone.dsp", "{2688C16C-7B44-45E5-99B1-5DD011FC72CE}"
EndProject
Project("{059D6162-CD51-11D0-AE1F-00A0C90FFFC3}") = "herringbone_map", "herringbone_map.dsp", "{D18870C2-0A05-4022-82C4-ACDFB8830F6B}"
EndProject
Project("{059D6162-CD51-11D0-AE1F-00A0C90FFFC3}") = "image_test", "image_test.dsp", "{64BDFF55-3895-45C1-875B-80112E13341B}"
EndProject
Project("{059D6162-CD51-11D0-AE1F-00A0C90FFFC3}") = "make_readme", "..\tools\make_readme.dsp", "{FBFC3431-A4D0-48F6-BC29-A51A03656AAD}"
EndProject
Project("{059D6162-CD51-11D0-AE1F-00A0C90FFFC3}") = "resize", "resize.dsp", "{9FC8C778-0B02-4AC2-9EB4-9E159B5FC64B}"
EndProject
Project("{059D6162-CD51-11D0-AE1F-00A0C90FFFC3}") = "stb", "stb.dsp", "{B479A8A5-C3F9-4993-AA74-0F9E6C38A911}"
	ProjectSection(ProjectDependencies) = postProject
		{1F022C9D-71A2-4337-BFAC-E6C74FD4375F} = {1F022C9D-71A2-4337-BFAC-E6C74FD4375F}
		{64BDFF55-3895-45C1-875B-80112E13341B} = {64BDFF55-3895-45C1-875B-80112E13341B}
		{2CA8C61D-16C5-4D99-B944-58C8A7F16EA9} = {2CA8C61D-16C5-4D99-B944-58C8A7F16EA9}
		{7B4A73FE-B757-41A1-AC74-CD554B0AF672} = {7B4A73FE-B757-41A1-AC74-CD554B0AF672}
	EndProjectSection
EndProject
Project("{059D6162-CD51-11D0-AE1F-00A0C90FFFC3}") = "stb_cpp", "stb_cpp.dsp", "{1F022C9D-71A2-4337-BFAC-E6C74FD4375F}"
EndProject
Project("{059D6162-CD51-11D0-AE1F-00A0C90FFFC3}") = "stblib", "stblib.dsp", "{40053B98-CAED-4168-B33F-6177A1A48DD4}"
EndProject
Project("{059D6162-CD51-11D0-AE1F-00A0C90FFFC3}") = "stretch_test", "stretch_test.dsp", "{2CA8C61D-16C5-4D99-B944-58C8A7F16EA9}"
EndProject
Project("{059D6162-CD51-11D0-AE1F-00A0C90FFFC3}") = "unicode", "..\tools\unicode\unicode.dsp", "{F8AE4A41-9240-4F08-BDCB-BA829AE067CC}"
EndProject
Project("{059D6162-CD51-11D0-AE1F-00A0C90FFFC3}") = "vorbseek", "vorbseek\vorbseek.dsp", "{856D6F77-13C2-4161-8E4B-A6D591DB29E9}"
EndProject
Global
	GlobalSection(SolutionProperties) = preSolution
		HideSolutionNode = FALSE
	EndGlobalSection
	GlobalSection(ExtensibilityGlobals) = postSolution
		SolutionGuid = {F8EB2FE6-68F2-4994-A0DE-E1E4AAD2C9CF}
	EndGlobalSection
EndGlobal
